# THIS IS AN AUTOGENERATED FILE. DO NOT EDIT THIS FILE DIRECTLY.
# yarn lockfile v1


"@remix-run/router@1.6.3":
  version "1.6.3"
  resolved "https://registry.yarnpkg.com/@remix-run/router/-/router-1.6.3.tgz#8205baf6e17ef93be35bf62c37d2d594e9be0dad"
  integrity sha512-EXJysQ7J3veRECd0kZFQwYYd5sJMcq2O/m60zu1W2l3oVQ9xtub8jTOtYRE0+M2iomyG/W3Ps7+vp2kna0C27Q==

react-router-dom@^6.12.1:
  version "6.12.1"
  resolved "https://registry.yarnpkg.com/react-router-dom/-/react-router-dom-6.12.1.tgz#601fe7eb493071a33dc7573a20b920324a834606"
  integrity sha512-POIZN9UDKWwEDga054LvYr2KnK8V+0HR4Ny4Bwv8V7/FZCPxJgsCjYxXGxqxzHs7VBxMKZfgvtKhafuJkJSPGA==
  dependencies:
    "@remix-run/router" "1.6.3"
    react-router "6.12.1"

react-router@6.12.1:
  version "6.12.1"
  resolved "https://registry.yarnpkg.com/react-router/-/react-router-6.12.1.tgz#9e4126aa1139ec6b5d347e19576d5e940cd46362"
  integrity sha512-evd/GrKJOeOypD0JB9e1r7pQh2gWCsTbUfq059Wm1AFT/K2MNZuDo19lFtAgIhlBrp0MmpgpqtvZC7LPAs7vSw==
  dependencies:
    "@remix-run/router" "1.6.3"
